<?xml version="1.0" encoding="utf-8"?>
<Project ToolsVersion="4.0" xmlns="http://schemas.microsoft.com/developer/msbuild/2003">
  <ItemGroup>
    <ClInclude Include="Main\pch.h" />
    <ClInclude Include="Main\Main.h" />
    <ClInclude Include="Demo\01. TriangleDemo.h" />
    <ClInclude Include="Demo\02. QuadDemo.h" />
    <ClInclude Include="Demo\03. ConstBufferDemo.h" />
    <ClInclude Include="Demo\04. CameraDemo.h" />
    <ClInclude Include="Main\Camera\CameraScript.h" />
    <ClInclude Include="Demo\05. TextureDemo.h" />
    <ClInclude Include="Demo\06. SamplerDemo.h" />
    <ClInclude Include="Demo\07. HeightMapDemo.h" />
    <ClInclude Include="Demo\08. NormalDemo.h" />
    <ClInclude Include="Demo\09. MeshDemo.h" />
  </ItemGroup>
  <ItemGroup>
    <ClCompile Include="Main\pch.cpp" />
    <ClCompile Include="Main\Main.cpp" />
    <ClCompile Include="Demo\01. TriangleDemo.cpp" />
    <ClCompile Include="Demo\02. QuadDemo.cpp" />
    <ClCompile Include="Demo\03. ConstBufferDemo.cpp" />
    <ClCompile Include="Demo\04. CameraDemo.cpp" />
    <ClCompile Include="Main\Camera\CameraScript.cpp" />
    <ClCompile Include="Demo\05. TextureDemo.cpp" />
    <ClCompile Include="Demo\06. SamplerDemo.cpp" />
    <ClCompile Include="Demo\07. HeightMapDemo.cpp" />
    <ClCompile Include="Demo\08. NormalDemo.cpp" />
    <ClCompile Include="Demo\09. MeshDemo.cpp" />
  </ItemGroup>
  <ItemGroup>
    <FxCompile Include="..\Shaders\01. Triangle.fx" />
    <FxCompile Include="..\Shaders\02. Quad.fx" />
    <FxCompile Include="..\Shaders\03. ConstBuffer.fx" />
    <FxCompile Include="..\Shaders\04. Texture.fx" />
    <FxCompile Include="..\Shaders\05. Sampler.fx" />
    <FxCompile Include="..\Shaders\06. Terrain.fx" />
    <FxCompile Include="..\Shaders\07. Normal.fx" />
  </ItemGroup>
</Project>