<?xml version="1.0" encoding="utf-8"?>
<Project ToolsVersion="4.0" xmlns="http://schemas.microsoft.com/developer/msbuild/2003">
  <ItemGroup>
    <ClInclude Include="99.Header\pch.h" />
    <ClInclude Include="99.Header\Define.h" />
    <ClInclude Include="99.Header\EnginePch.h" />
    <ClInclude Include="99.Header\Types.h" />
    <ClInclude Include="98.Utils\SimpleMath.h" />
    <ClInclude Include="98.Utils\tinyxml2.h" />
    <ClInclude Include="98.Utils\Utils.h" />
    <ClInclude Include="02.Managers\InputManager.h" />
    <ClInclude Include="02.Managers\TimeManager.h" />
    <ClInclude Include="02.Managers\Graphics.h" />
    <ClInclude Include="02.Managers\Game.h" />
    <ClInclude Include="02.Managers\ResourceManager.h" />
    <ClInclude Include="00.Engine\IExecute.h" />
    <ClInclude Include="01.Graphics\Buffer\ConstantBuffer.h" />
    <ClInclude Include="01.Graphics\Buffer\Geometry.h" />
    <ClInclude Include="01.Graphics\Buffer\VertexBuffer.h" />
    <ClInclude Include="01.Graphics\Buffer\IndexBuffer.h" />
    <ClInclude Include="01.Graphics\Buffer\VertexData.h" />
    <ClInclude Include="01.Graphics\Shader\Pass.h" />
    <ClInclude Include="01.Graphics\Shader\Shader.h" />
    <ClInclude Include="01.Graphics\Shader\Technique.h" />
    <ClInclude Include="00.Engine\Resource\ResourceBase.h" />
    <ClInclude Include="00.Engine\Resource\Texture.h" />
    <ClInclude Include="01.Graphics\Buffer\GeometryHelper.h" />
    <ClInclude Include="04.Component\Component.h" />
    <ClInclude Include="03.SceneObject\SceneObject.h" />
    <ClInclude Include="04.Component\Transform.h" />
    <ClInclude Include="04.Component\MonoBehaviour.h" />
    <ClInclude Include="04.Component\Camera.h" />
    <ClInclude Include="00.Engine\Resource\Mesh.h" />
    <ClInclude Include="04.Component\MeshRenderer.h" />
    <ClInclude Include="02.Managers\RenderManager.h" />
    <ClInclude Include="00.Engine\Resource\Material.h" />
  </ItemGroup>
  <ItemGroup>
    <ClCompile Include="99.Header\pch.cpp" />
    <ClCompile Include="98.Utils\SimpleMath.cpp" />
    <ClCompile Include="98.Utils\tinyxml2.cpp" />
    <ClCompile Include="98.Utils\Utils.cpp" />
    <ClCompile Include="02.Managers\InputManager.cpp" />
    <ClCompile Include="02.Managers\TimeManager.cpp" />
    <ClCompile Include="02.Managers\Graphics.cpp" />
    <ClCompile Include="02.Managers\Game.cpp" />
    <ClCompile Include="02.Managers\ResourceManager.cpp" />
    <ClCompile Include="00.Engine\IExecute.cpp" />
    <ClCompile Include="01.Graphics\Buffer\ConstantBuffer.cpp" />
    <ClCompile Include="01.Graphics\Buffer\Geometry.cpp" />
    <ClCompile Include="01.Graphics\Buffer\VertexBuffer.cpp" />
    <ClCompile Include="01.Graphics\Buffer\IndexBuffer.cpp" />
    <ClCompile Include="01.Graphics\Buffer\VertexData.cpp" />
    <ClCompile Include="01.Graphics\Shader\Pass.cpp" />
    <ClCompile Include="01.Graphics\Shader\Shader.cpp" />
    <ClCompile Include="01.Graphics\Shader\Technique.cpp" />
    <ClCompile Include="00.Engine\Resource\ResourceBase.cpp" />
    <ClCompile Include="00.Engine\Resource\Texture.cpp" />
    <ClCompile Include="01.Graphics\Buffer\GeometryHelper.cpp" />
    <ClCompile Include="04.Component\Component.cpp" />
    <ClCompile Include="03.SceneObject\SceneObject.cpp" />
    <ClCompile Include="04.Component\Transform.cpp" />
    <ClCompile Include="04.Component\MonoBehaviour.cpp" />
    <ClCompile Include="04.Component\Camera.cpp" />
    <ClCompile Include="00.Engine\Resource\Mesh.cpp" />
    <ClCompile Include="04.Component\MeshRenderer.cpp" />
    <ClCompile Include="02.Managers\RenderManager.cpp" />
    <ClCompile Include="00.Engine\Resource\Material.cpp" />
  </ItemGroup>
  <ItemGroup>
    <None Include="98.Utils\SimpleMath.inl" />
  </ItemGroup>
</Project>