<?xml version="1.0" encoding="utf-8"?>
<Project ToolsVersion="4.0" xmlns="http://schemas.microsoft.com/developer/msbuild/2003">
  <ItemGroup>
    <ClCompile Include="Demo\AssimpTool.cpp">
      <Filter>Demo</Filter>
    </ClCompile>
    <ClCompile Include="Demo\StaticMeshDemo.cpp">
      <Filter>Demo</Filter>
    </ClCompile>
    <ClCompile Include="Utils\CameraScript.cpp">
      <Filter>Utils</Filter>
    </ClCompile>
    <ClCompile Include="Utils\Converter.cpp">
      <Filter>Utils</Filter>
    </ClCompile>
    <ClCompile Include="Main\AsTypes.cpp">
      <Filter>Main</Filter>
    </ClCompile>
    <ClCompile Include="Main\Main.cpp">
      <Filter>Main</Filter>
    </ClCompile>
    <ClCompile Include="Main\pch.cpp">
      <Filter>Main</Filter>
    </ClCompile>
    <ClCompile Include="Demo\ImGuiDemo.cpp">
      <Filter>Demo</Filter>
    </ClCompile>
    <ClCompile Include="Demo\AnimationDemo.cpp" />
    <ClCompile Include="Demo\TweenDemo.cpp" />
    <ClCompile Include="Demo\SkyDemo.cpp" />
  </ItemGroup>
  <ItemGroup>
    <ClInclude Include="Demo\AssimpTool.h">
      <Filter>Demo</Filter>
    </ClInclude>
    <ClInclude Include="Demo\StaticMeshDemo.h">
      <Filter>Demo</Filter>
    </ClInclude>
    <ClInclude Include="Utils\CameraScript.h">
      <Filter>Utils</Filter>
    </ClInclude>
    <ClInclude Include="Utils\Converter.h">
      <Filter>Utils</Filter>
    </ClInclude>
    <ClInclude Include="Main\AsTypes.h">
      <Filter>Main</Filter>
    </ClInclude>
    <ClInclude Include="Main\Main.h">
      <Filter>Main</Filter>
    </ClInclude>
    <ClInclude Include="Main\pch.h">
      <Filter>Main</Filter>
    </ClInclude>
    <ClInclude Include="Demo\ImGuiDemo.h">
      <Filter>Demo</Filter>
    </ClInclude>
    <ClInclude Include="Demo\AnimationDemo.h" />
    <ClInclude Include="Demo\TweenDemo.h" />
    <ClInclude Include="Demo\SkyDemo.h" />
  </ItemGroup>
  <ItemGroup>
    <Filter Include="Demo">
      <UniqueIdentifier>{a1ad76b8-2086-4118-8df6-84a4f795b2cd}</UniqueIdentifier>
    </Filter>
    <Filter Include="Main">
      <UniqueIdentifier>{cdcb3c06-fa84-4da5-925a-7cf68a79cc44}</UniqueIdentifier>
    </Filter>
    <Filter Include="Utils">
      <UniqueIdentifier>{f4af95d0-8235-49ed-b119-3e6c907cf3ff}</UniqueIdentifier>
    </Filter>
  </ItemGroup>
</Project>